
Microsoft Visual Studio Solution File, Format Version 12.00
# Visual Studio Version 17
VisualStudioVersion = 17.3.32819.101
MinimumVisualStudioVersion = 10.0.40219.1
Project("{FAE04EC0-301F-11D3-BF4B-00C04F79EFBC}") = "ProductModule", "ProductModule\ProductModule.csproj", "{30868F7E-79D7-4E91-8CDF-EDDD2BE972E7}"
EndProject
Global
	GlobalSection(SolutionConfigurationPlatforms) = preSolution
		Debug|Any CPU = Debug|Any CPU
		Release|Any CPU = Release|Any CPU
	EndGlobalSection
	GlobalSection(ProjectConfigurationPlatforms) = postSolution
		{30868F7E-79D7-4E91-8CDF-EDDD2BE972E7}.Debug|Any CPU.ActiveCfg = Debug|Any CPU
		{30868F7E-79D7-4E91-8CDF-EDDD2BE972E7}.Debug|Any CPU.Build.0 = Debug|Any CPU
		{30868F7E-79D7-4E91-8CDF-EDDD2BE972E7}.Release|Any CPU.ActiveCfg = Release|Any CPU
		{30868F7E-79D7-4E91-8CDF-EDDD2BE972E7}.Release|Any CPU.Build.0 = Release|Any CPU
	EndGlobalSection
	GlobalSection(SolutionProperties) = preSolution
		HideSolutionNode = FALSE
	EndGlobalSection
	GlobalSection(ExtensibilityGlobals) = postSolution
		SolutionGuid = {DD9F8316-0F7E-438B-ACBA-10E720CC4921}
	EndGlobalSection
EndGlobal
